
Microsoft Visual Studio Solution File, Format Version 12.00
# Visual Studio Version 17
VisualStudioVersion = 17.10.34916.146
MinimumVisualStudioVersion = 10.0.40219.1
Project("{FAE04EC0-301F-11D3-BF4B-00C04F79EFBC}") = "Ligonine", "Ligonine\Ligonine.csproj", "{357BE3F0-B674-4934-B518-276D825110D4}"
EndProject
Global
	GlobalSection(SolutionConfigurationPlatforms) = preSolution
		Debug|Any CPU = Debug|Any CPU
		Release|Any CPU = Release|Any CPU
	EndGlobalSection
	GlobalSection(ProjectConfigurationPlatforms) = postSolution
		{357BE3F0-B674-4934-B518-276D825110D4}.Debug|Any CPU.ActiveCfg = Debug|Any CPU
		{357BE3F0-B674-4934-B518-276D825110D4}.Debug|Any CPU.Build.0 = Debug|Any CPU
		{357BE3F0-B674-4934-B518-276D825110D4}.Release|Any CPU.ActiveCfg = Release|Any CPU
		{357BE3F0-B674-4934-B518-276D825110D4}.Release|Any CPU.Build.0 = Release|Any CPU
	EndGlobalSection
	GlobalSection(SolutionProperties) = preSolution
		HideSolutionNode = FALSE
	EndGlobalSection
	GlobalSection(ExtensibilityGlobals) = postSolution
		SolutionGuid = {6C9444D8-7DF3-4AC7-BA4F-7D59A5F40F1C}
	EndGlobalSection
EndGlobal
